
Microsoft Visual Studio Solution File, Format Version 12.00
# Visual Studio Version 16
VisualStudioVersion = 16.0.32228.343
MinimumVisualStudioVersion = 10.0.40219.1
Project("{9A19103F-16F7-4668-BE54-9A1E7A4F7556}") = "BotEngine", "BotEngine\BotEngine.csproj", "{26CC821E-14D4-46A9-8F6B-E0DE17AC9978}"
EndProject
Project("{9A19103F-16F7-4668-BE54-9A1E7A4F7556}") = "BotEngineClient", "BotEngineClient\BotEngineClient.csproj", "{2D0FBF66-4EF8-45EA-813C-7A5C11F87C42}"
EndProject
Project("{9A19103F-16F7-4668-BE54-9A1E7A4F7556}") = "FindTextClient", "FindTextClient\FindTextClient.csproj", "{7EDF147A-7DCD-4511-8142-7AC1EDA0F86E}"
EndProject
Project("{8BC9CEB8-8B4A-11D0-8D11-00A0C91BC942}") = "FindTextDLL", "FindTextDLL\FindTextDLL.vcxproj", "{DE218D0F-C802-481E-BBA4-DC27C473A6B4}"
EndProject
Project("{9A19103F-16F7-4668-BE54-9A1E7A4F7556}") = "ScriptEditor", "ScriptEditor\ScriptEditor.csproj", "{19CB2F6C-10BF-4EFB-8B84-728BA1AA1514}"
EndProject
Project("{2150E333-8FDC-42A3-9474-1A3956D46DE8}") = "Solution Items", "Solution Items", "{0FDE53F8-73A3-46B1-B8BB-C3E3FA6BCCCB}"
	ProjectSection(SolutionItems) = preProject
		.editorconfig = .editorconfig
		COPYRIGHT = COPYRIGHT
		LICENSE = LICENSE
		LICENSE.rtf = LICENSE.rtf
		README.md = README.md
	EndProjectSection
EndProject
Project("{9A19103F-16F7-4668-BE54-9A1E7A4F7556}") = "TestBotEngineClient", "TestBotEngineClient\TestBotEngineClient.csproj", "{A655DBE3-D7BE-4372-B4CF-26E190699053}"
EndProject
Project("{930C7802-8A8C-48F9-8165-68863BCCD9DD}") = "Installer", "Installer\Installer.wixproj", "{F1C6E9CE-838C-49E6-8FC7-6A97A2EEFE4A}"
EndProject
Global
	GlobalSection(SolutionConfigurationPlatforms) = preSolution
		Debug|Any CPU = Debug|Any CPU
		Debug|x64 = Debug|x64
		Debug|x86 = Debug|x86
		Release|Any CPU = Release|Any CPU
		Release|x64 = Release|x64
		Release|x86 = Release|x86
	EndGlobalSection
	GlobalSection(ProjectConfigurationPlatforms) = postSolution
		{26CC821E-14D4-46A9-8F6B-E0DE17AC9978}.Debug|Any CPU.ActiveCfg = Debug|Any CPU
		{26CC821E-14D4-46A9-8F6B-E0DE17AC9978}.Debug|Any CPU.Build.0 = Debug|Any CPU
		{26CC821E-14D4-46A9-8F6B-E0DE17AC9978}.Debug|x64.ActiveCfg = Debug|Any CPU
		{26CC821E-14D4-46A9-8F6B-E0DE17AC9978}.Debug|x64.Build.0 = Debug|Any CPU
		{26CC821E-14D4-46A9-8F6B-E0DE17AC9978}.Debug|x86.ActiveCfg = Debug|Any CPU
		{26CC821E-14D4-46A9-8F6B-E0DE17AC9978}.Debug|x86.Build.0 = Debug|Any CPU
		{26CC821E-14D4-46A9-8F6B-E0DE17AC9978}.Release|Any CPU.ActiveCfg = Release|Any CPU
		{26CC821E-14D4-46A9-8F6B-E0DE17AC9978}.Release|Any CPU.Build.0 = Release|Any CPU
		{26CC821E-14D4-46A9-8F6B-E0DE17AC9978}.Release|x64.ActiveCfg = Release|Any CPU
		{26CC821E-14D4-46A9-8F6B-E0DE17AC9978}.Release|x64.Build.0 = Release|Any CPU
		{26CC821E-14D4-46A9-8F6B-E0DE17AC9978}.Release|x86.ActiveCfg = Release|Any CPU
		{26CC821E-14D4-46A9-8F6B-E0DE17AC9978}.Release|x86.Build.0 = Release|Any CPU
		{2D0FBF66-4EF8-45EA-813C-7A5C11F87C42}.Debug|Any CPU.ActiveCfg = Debug|Any CPU
		{2D0FBF66-4EF8-45EA-813C-7A5C11F87C42}.Debug|Any CPU.Build.0 = Debug|Any CPU
		{2D0FBF66-4EF8-45EA-813C-7A5C11F87C42}.Debug|x64.ActiveCfg = Debug|Any CPU
		{2D0FBF66-4EF8-45EA-813C-7A5C11F87C42}.Debug|x64.Build.0 = Debug|Any CPU
		{2D0FBF66-4EF8-45EA-813C-7A5C11F87C42}.Debug|x86.ActiveCfg = Debug|Any CPU
		{2D0FBF66-4EF8-45EA-813C-7A5C11F87C42}.Debug|x86.Build.0 = Debug|Any CPU
		{2D0FBF66-4EF8-45EA-813C-7A5C11F87C42}.Release|Any CPU.ActiveCfg = Release|Any CPU
		{2D0FBF66-4EF8-45EA-813C-7A5C11F87C42}.Release|Any CPU.Build.0 = Release|Any CPU
		{2D0FBF66-4EF8-45EA-813C-7A5C11F87C42}.Release|x64.ActiveCfg = Release|Any CPU
		{2D0FBF66-4EF8-45EA-813C-7A5C11F87C42}.Release|x64.Build.0 = Release|Any CPU
		{2D0FBF66-4EF8-45EA-813C-7A5C11F87C42}.Release|x86.ActiveCfg = Release|Any CPU
		{2D0FBF66-4EF8-45EA-813C-7A5C11F87C42}.Release|x86.Build.0 = Release|Any CPU
		{7EDF147A-7DCD-4511-8142-7AC1EDA0F86E}.Debug|Any CPU.ActiveCfg = Debug|Any CPU
		{7EDF147A-7DCD-4511-8142-7AC1EDA0F86E}.Debug|Any CPU.Build.0 = Debug|Any CPU
		{7EDF147A-7DCD-4511-8142-7AC1EDA0F86E}.Debug|x64.ActiveCfg = Debug|Any CPU
		{7EDF147A-7DCD-4511-8142-7AC1EDA0F86E}.Debug|x64.Build.0 = Debug|Any CPU
		{7EDF147A-7DCD-4511-8142-7AC1EDA0F86E}.Debug|x86.ActiveCfg = Debug|Any CPU
		{7EDF147A-7DCD-4511-8142-7AC1EDA0F86E}.Debug|x86.Build.0 = Debug|Any CPU
		{7EDF147A-7DCD-4511-8142-7AC1EDA0F86E}.Release|Any CPU.ActiveCfg = Release|Any CPU
		{7EDF147A-7DCD-4511-8142-7AC1EDA0F86E}.Release|Any CPU.Build.0 = Release|Any CPU
		{7EDF147A-7DCD-4511-8142-7AC1EDA0F86E}.Release|x64.ActiveCfg = Release|Any CPU
		{7EDF147A-7DCD-4511-8142-7AC1EDA0F86E}.Release|x64.Build.0 = Release|Any CPU
		{7EDF147A-7DCD-4511-8142-7AC1EDA0F86E}.Release|x86.ActiveCfg = Release|Any CPU
		{7EDF147A-7DCD-4511-8142-7AC1EDA0F86E}.Release|x86.Build.0 = Release|Any CPU
		{DE218D0F-C802-481E-BBA4-DC27C473A6B4}.Debug|Any CPU.ActiveCfg = Release|x64
		{DE218D0F-C802-481E-BBA4-DC27C473A6B4}.Debug|Any CPU.Build.0 = Release|x64
		{DE218D0F-C802-481E-BBA4-DC27C473A6B4}.Debug|x64.ActiveCfg = Debug|x64
		{DE218D0F-C802-481E-BBA4-DC27C473A6B4}.Debug|x64.Build.0 = Debug|x64
		{DE218D0F-C802-481E-BBA4-DC27C473A6B4}.Debug|x86.ActiveCfg = Debug|Win32
		{DE218D0F-C802-481E-BBA4-DC27C473A6B4}.Debug|x86.Build.0 = Debug|Win32
		{DE218D0F-C802-481E-BBA4-DC27C473A6B4}.Release|Any CPU.ActiveCfg = Release|Win32
		{DE218D0F-C802-481E-BBA4-DC27C473A6B4}.Release|x64.ActiveCfg = Release|x64
		{DE218D0F-C802-481E-BBA4-DC27C473A6B4}.Release|x64.Build.0 = Release|x64
		{DE218D0F-C802-481E-BBA4-DC27C473A6B4}.Release|x86.ActiveCfg = Release|Win32
		{DE218D0F-C802-481E-BBA4-DC27C473A6B4}.Release|x86.Build.0 = Release|Win32
		{19CB2F6C-10BF-4EFB-8B84-728BA1AA1514}.Debug|Any CPU.ActiveCfg = Debug|Any CPU
		{19CB2F6C-10BF-4EFB-8B84-728BA1AA1514}.Debug|Any CPU.Build.0 = Debug|Any CPU
		{19CB2F6C-10BF-4EFB-8B84-728BA1AA1514}.Debug|x64.ActiveCfg = Debug|Any CPU
		{19CB2F6C-10BF-4EFB-8B84-728BA1AA1514}.Debug|x64.Build.0 = Debug|Any CPU
		{19CB2F6C-10BF-4EFB-8B84-728BA1AA1514}.Debug|x86.ActiveCfg = Debug|Any CPU
		{19CB2F6C-10BF-4EFB-8B84-728BA1AA1514}.Debug|x86.Build.0 = Debug|Any CPU
		{19CB2F6C-10BF-4EFB-8B84-728BA1AA1514}.Release|Any CPU.ActiveCfg = Release|Any CPU
		{19CB2F6C-10BF-4EFB-8B84-728BA1AA1514}.Release|Any CPU.Build.0 = Release|Any CPU
		{19CB2F6C-10BF-4EFB-8B84-728BA1AA1514}.Release|x64.ActiveCfg = Release|Any CPU
		{19CB2F6C-10BF-4EFB-8B84-728BA1AA1514}.Release|x64.Build.0 = Release|Any CPU
		{19CB2F6C-10BF-4EFB-8B84-728BA1AA1514}.Release|x86.ActiveCfg = Release|Any CPU
		{19CB2F6C-10BF-4EFB-8B84-728BA1AA1514}.Release|x86.Build.0 = Release|Any CPU
		{A655DBE3-D7BE-4372-B4CF-26E190699053}.Debug|Any CPU.ActiveCfg = Debug|Any CPU
		{A655DBE3-D7BE-4372-B4CF-26E190699053}.Debug|Any CPU.Build.0 = Debug|Any CPU
		{A655DBE3-D7BE-4372-B4CF-26E190699053}.Debug|x64.ActiveCfg = Debug|Any CPU
		{A655DBE3-D7BE-4372-B4CF-26E190699053}.Debug|x64.Build.0 = Debug|Any CPU
		{A655DBE3-D7BE-4372-B4CF-26E190699053}.Debug|x86.ActiveCfg = Debug|Any CPU
		{A655DBE3-D7BE-4372-B4CF-26E190699053}.Debug|x86.Build.0 = Debug|Any CPU
		{A655DBE3-D7BE-4372-B4CF-26E190699053}.Release|Any CPU.ActiveCfg = Release|Any CPU
		{A655DBE3-D7BE-4372-B4CF-26E190699053}.Release|Any CPU.Build.0 = Release|Any CPU
		{A655DBE3-D7BE-4372-B4CF-26E190699053}.Release|x64.ActiveCfg = Release|Any CPU
		{A655DBE3-D7BE-4372-B4CF-26E190699053}.Release|x64.Build.0 = Release|Any CPU
		{A655DBE3-D7BE-4372-B4CF-26E190699053}.Release|x86.ActiveCfg = Release|Any CPU
		{A655DBE3-D7BE-4372-B4CF-26E190699053}.Release|x86.Build.0 = Release|Any CPU
		{F1C6E9CE-838C-49E6-8FC7-6A97A2EEFE4A}.Debug|Any CPU.ActiveCfg = Debug|x86
		{F1C6E9CE-838C-49E6-8FC7-6A97A2EEFE4A}.Debug|x64.ActiveCfg = Debug|x86
		{F1C6E9CE-838C-49E6-8FC7-6A97A2EEFE4A}.Debug|x86.ActiveCfg = Debug|x86
		{F1C6E9CE-838C-49E6-8FC7-6A97A2EEFE4A}.Debug|x86.Build.0 = Debug|x86
		{F1C6E9CE-838C-49E6-8FC7-6A97A2EEFE4A}.Release|Any CPU.ActiveCfg = Release|x86
		{F1C6E9CE-838C-49E6-8FC7-6A97A2EEFE4A}.Release|x64.ActiveCfg = Release|x86
		{F1C6E9CE-838C-49E6-8FC7-6A97A2EEFE4A}.Release|x86.ActiveCfg = Release|x86
		{F1C6E9CE-838C-49E6-8FC7-6A97A2EEFE4A}.Release|x86.Build.0 = Release|x86
	EndGlobalSection
	GlobalSection(SolutionProperties) = preSolution
		HideSolutionNode = FALSE
	EndGlobalSection
	GlobalSection(ExtensibilityGlobals) = postSolution
		SolutionGuid = {0E5B4BDE-C3D7-45C0-9356-EA8E539BCD02}
	EndGlobalSection
EndGlobal
